
Microsoft Visual Studio Solution File, Format Version 12.00
# Visual Studio 15
VisualStudioVersion = 15.0.26430.6
MinimumVisualStudioVersion = 10.0.40219.1
Project("{FAE04EC0-301F-11D3-BF4B-00C04F79EFBC}") = "moviefinder", "moviefinder\moviefinder.csproj", "{34C4534B-06E0-4DD2-8335-0CA8CFA6421E}"
EndProject
Project("{FAE04EC0-301F-11D3-BF4B-00C04F79EFBC}") = "moviefinder.Tests", "moviefinder.Tests\moviefinder.Tests.csproj", "{0370A6DB-55EE-4F26-B784-2EA5B630F509}"
EndProject
Global
	GlobalSection(SolutionConfigurationPlatforms) = preSolution
		Debug|Any CPU = Debug|Any CPU
		Release|Any CPU = Release|Any CPU
	EndGlobalSection
	GlobalSection(ProjectConfigurationPlatforms) = postSolution
		{34C4534B-06E0-4DD2-8335-0CA8CFA6421E}.Debug|Any CPU.ActiveCfg = Debug|Any CPU
		{34C4534B-06E0-4DD2-8335-0CA8CFA6421E}.Debug|Any CPU.Build.0 = Debug|Any CPU
		{34C4534B-06E0-4DD2-8335-0CA8CFA6421E}.Release|Any CPU.ActiveCfg = Release|Any CPU
		{34C4534B-06E0-4DD2-8335-0CA8CFA6421E}.Release|Any CPU.Build.0 = Release|Any CPU
		{0370A6DB-55EE-4F26-B784-2EA5B630F509}.Debug|Any CPU.ActiveCfg = Debug|Any CPU
		{0370A6DB-55EE-4F26-B784-2EA5B630F509}.Debug|Any CPU.Build.0 = Debug|Any CPU
		{0370A6DB-55EE-4F26-B784-2EA5B630F509}.Release|Any CPU.ActiveCfg = Release|Any CPU
		{0370A6DB-55EE-4F26-B784-2EA5B630F509}.Release|Any CPU.Build.0 = Release|Any CPU
	EndGlobalSection
	GlobalSection(SolutionProperties) = preSolution
		HideSolutionNode = FALSE
	EndGlobalSection
EndGlobal
